Microsoft Visual Studio Solution File, Format Version 8.00
Project("{F184B08F-C81C-45F6-A57F-5ABD9991F28F}") = "PasswordLocked", "PasswordLocked\PasswordLocked.vbproj", "{FA03714A-1507-4B97-B876-1A7995BB9794}"
	ProjectSection(ProjectDependencies) = postProject
	EndProjectSection
EndProject
Global
	GlobalSection(SolutionConfiguration) = preSolution
		Debug = Debug
		Release = Release
	EndGlobalSection
	GlobalSection(ProjectConfiguration) = postSolution
		{FA03714A-1507-4B97-B876-1A7995BB9794}.Debug.ActiveCfg = Debug|.NET
		{FA03714A-1507-4B97-B876-1A7995BB9794}.Debug.Build.0 = Debug|.NET
		{FA03714A-1507-4B97-B876-1A7995BB9794}.Release.ActiveCfg = Release|.NET
		{FA03714A-1507-4B97-B876-1A7995BB9794}.Release.Build.0 = Release|.NET
	EndGlobalSection
	GlobalSection(ExtensibilityGlobals) = postSolution
	EndGlobalSection
	GlobalSection(ExtensibilityAddIns) = postSolution
	EndGlobalSection
EndGlobal
