Microsoft Visual Studio Solution File, Format Version 8.00
Project("{FAE04EC0-301F-11D3-BF4B-00C04F79EFBC}") = "DynamicConnection", "DynamicConnection.csproj", "{528BF261-E969-4CE0-BB85-BA7DDDA6A654}"
	ProjectSection(ProjectDependencies) = postProject
	EndProjectSection
EndProject
Global
	GlobalSection(SolutionConfiguration) = preSolution
		Debug = Debug
		Release = Release
	EndGlobalSection
	GlobalSection(ProjectConfiguration) = postSolution
		{528BF261-E969-4CE0-BB85-BA7DDDA6A654}.Debug.ActiveCfg = Debug|.NET
		{528BF261-E969-4CE0-BB85-BA7DDDA6A654}.Debug.Build.0 = Debug|.NET
		{528BF261-E969-4CE0-BB85-BA7DDDA6A654}.Release.ActiveCfg = Release|.NET
		{528BF261-E969-4CE0-BB85-BA7DDDA6A654}.Release.Build.0 = Release|.NET
	EndGlobalSection
	GlobalSection(ExtensibilityGlobals) = postSolution
	EndGlobalSection
	GlobalSection(ExtensibilityAddIns) = postSolution
	EndGlobalSection
EndGlobal
