Microsoft Visual Studio Solution File, Format Version 8.00
Project("{FAE04EC0-301F-11D3-BF4B-00C04F79EFBC}") = "OraErrorCollection", "OraErrorCollection.csproj", "{5A902A4C-2580-43A8-9248-9ADCB74EB3E8}"
	ProjectSection(ProjectDependencies) = postProject
	EndProjectSection
EndProject
Global
	GlobalSection(SolutionConfiguration) = preSolution
		Debug = Debug
		Release = Release
	EndGlobalSection
	GlobalSection(ProjectConfiguration) = postSolution
		{5A902A4C-2580-43A8-9248-9ADCB74EB3E8}.Debug.ActiveCfg = Debug|.NET
		{5A902A4C-2580-43A8-9248-9ADCB74EB3E8}.Debug.Build.0 = Debug|.NET
		{5A902A4C-2580-43A8-9248-9ADCB74EB3E8}.Release.ActiveCfg = Release|.NET
		{5A902A4C-2580-43A8-9248-9ADCB74EB3E8}.Release.Build.0 = Release|.NET
	EndGlobalSection
	GlobalSection(ExtensibilityGlobals) = postSolution
	EndGlobalSection
	GlobalSection(ExtensibilityAddIns) = postSolution
	EndGlobalSection
EndGlobal
