Microsoft Visual Studio Solution File, Format Version 8.00
Project("{F184B08F-C81C-45F6-A57F-5ABD9991F28F}") = "BlobTest", "BlobTest\BlobTest.vbproj", "{368B572A-347C-476C-A61E-4D6D5D5B144C}"
	ProjectSection(ProjectDependencies) = postProject
	EndProjectSection
EndProject
Global
	GlobalSection(SolutionConfiguration) = preSolution
		Debug = Debug
		Release = Release
	EndGlobalSection
	GlobalSection(ProjectConfiguration) = postSolution
		{368B572A-347C-476C-A61E-4D6D5D5B144C}.Debug.ActiveCfg = Debug|.NET
		{368B572A-347C-476C-A61E-4D6D5D5B144C}.Debug.Build.0 = Debug|.NET
		{368B572A-347C-476C-A61E-4D6D5D5B144C}.Release.ActiveCfg = Release|.NET
		{368B572A-347C-476C-A61E-4D6D5D5B144C}.Release.Build.0 = Release|.NET
	EndGlobalSection
	GlobalSection(ExtensibilityGlobals) = postSolution
	EndGlobalSection
	GlobalSection(ExtensibilityAddIns) = postSolution
	EndGlobalSection
EndGlobal
