Microsoft Visual Studio Solution File, Format Version 8.00
Project("{FAE04EC0-301F-11D3-BF4B-00C04F79EFBC}") = "PasswordExpiration", "PasswordExpiration.csproj", "{EA59C402-B329-4A35-9FC8-5943CBB557A0}"
	ProjectSection(ProjectDependencies) = postProject
	EndProjectSection
EndProject
Global
	GlobalSection(SolutionConfiguration) = preSolution
		Debug = Debug
		Release = Release
	EndGlobalSection
	GlobalSection(ProjectConfiguration) = postSolution
		{EA59C402-B329-4A35-9FC8-5943CBB557A0}.Debug.ActiveCfg = Debug|.NET
		{EA59C402-B329-4A35-9FC8-5943CBB557A0}.Debug.Build.0 = Debug|.NET
		{EA59C402-B329-4A35-9FC8-5943CBB557A0}.Release.ActiveCfg = Release|.NET
		{EA59C402-B329-4A35-9FC8-5943CBB557A0}.Release.Build.0 = Release|.NET
	EndGlobalSection
	GlobalSection(ExtensibilityGlobals) = postSolution
	EndGlobalSection
	GlobalSection(ExtensibilityAddIns) = postSolution
	EndGlobalSection
EndGlobal
