Microsoft Visual Studio Solution File, Format Version 8.00
Project("{FAE04EC0-301F-11D3-BF4B-00C04F79EFBC}") = "ConsoleTemplate", "ConsoleTemplate.csproj", "{8AE97166-E0C5-4D6A-9EB2-5703714F7241}"
	ProjectSection(ProjectDependencies) = postProject
	EndProjectSection
EndProject
Global
	GlobalSection(SolutionConfiguration) = preSolution
		Debug = Debug
		Release = Release
	EndGlobalSection
	GlobalSection(ProjectConfiguration) = postSolution
		{8AE97166-E0C5-4D6A-9EB2-5703714F7241}.Debug.ActiveCfg = Debug|.NET
		{8AE97166-E0C5-4D6A-9EB2-5703714F7241}.Debug.Build.0 = Debug|.NET
		{8AE97166-E0C5-4D6A-9EB2-5703714F7241}.Release.ActiveCfg = Release|.NET
		{8AE97166-E0C5-4D6A-9EB2-5703714F7241}.Release.Build.0 = Release|.NET
	EndGlobalSection
	GlobalSection(ExtensibilityGlobals) = postSolution
	EndGlobalSection
	GlobalSection(ExtensibilityAddIns) = postSolution
	EndGlobalSection
EndGlobal
