Microsoft Visual Studio Solution File, Format Version 8.00
Project("{FAE04EC0-301F-11D3-BF4B-00C04F79EFBC}") = "TopNQuery", "TopNQuery.csproj", "{122CEEE5-C148-4488-BC6B-AEC526EA95CB}"
	ProjectSection(ProjectDependencies) = postProject
	EndProjectSection
EndProject
Global
	GlobalSection(SolutionConfiguration) = preSolution
		Debug = Debug
		Release = Release
	EndGlobalSection
	GlobalSection(ProjectConfiguration) = postSolution
		{122CEEE5-C148-4488-BC6B-AEC526EA95CB}.Debug.ActiveCfg = Debug|.NET
		{122CEEE5-C148-4488-BC6B-AEC526EA95CB}.Debug.Build.0 = Debug|.NET
		{122CEEE5-C148-4488-BC6B-AEC526EA95CB}.Release.ActiveCfg = Release|.NET
		{122CEEE5-C148-4488-BC6B-AEC526EA95CB}.Release.Build.0 = Release|.NET
	EndGlobalSection
	GlobalSection(ExtensibilityGlobals) = postSolution
	EndGlobalSection
	GlobalSection(ExtensibilityAddIns) = postSolution
	EndGlobalSection
EndGlobal
