Microsoft Visual Studio Solution File, Format Version 8.00
Project("{F184B08F-C81C-45F6-A57F-5ABD9991F28F}") = "OraErrorCollection", "OraErrorCollection\OraErrorCollection.vbproj", "{7403B314-2E5B-4442-9149-11DAFB2C9432}"
	ProjectSection(ProjectDependencies) = postProject
	EndProjectSection
EndProject
Global
	GlobalSection(SolutionConfiguration) = preSolution
		Debug = Debug
		Release = Release
	EndGlobalSection
	GlobalSection(ProjectConfiguration) = postSolution
		{7403B314-2E5B-4442-9149-11DAFB2C9432}.Debug.ActiveCfg = Debug|.NET
		{7403B314-2E5B-4442-9149-11DAFB2C9432}.Debug.Build.0 = Debug|.NET
		{7403B314-2E5B-4442-9149-11DAFB2C9432}.Release.ActiveCfg = Release|.NET
		{7403B314-2E5B-4442-9149-11DAFB2C9432}.Release.Build.0 = Release|.NET
	EndGlobalSection
	GlobalSection(ExtensibilityGlobals) = postSolution
	EndGlobalSection
	GlobalSection(ExtensibilityAddIns) = postSolution
	EndGlobalSection
EndGlobal
