Microsoft Visual Studio Solution File, Format Version 8.00
Project("{FAE04EC0-301F-11D3-BF4B-00C04F79EFBC}") = "OraManualDML", "OraManualDML.csproj", "{DAFCA30D-AB34-4E42-A0E0-2C43300BEEF4}"
	ProjectSection(ProjectDependencies) = postProject
	EndProjectSection
EndProject
Global
	GlobalSection(SolutionConfiguration) = preSolution
		Debug = Debug
		Release = Release
	EndGlobalSection
	GlobalSection(ProjectConfiguration) = postSolution
		{DAFCA30D-AB34-4E42-A0E0-2C43300BEEF4}.Debug.ActiveCfg = Debug|.NET
		{DAFCA30D-AB34-4E42-A0E0-2C43300BEEF4}.Debug.Build.0 = Debug|.NET
		{DAFCA30D-AB34-4E42-A0E0-2C43300BEEF4}.Release.ActiveCfg = Release|.NET
		{DAFCA30D-AB34-4E42-A0E0-2C43300BEEF4}.Release.Build.0 = Release|.NET
	EndGlobalSection
	GlobalSection(ExtensibilityGlobals) = postSolution
	EndGlobalSection
	GlobalSection(ExtensibilityAddIns) = postSolution
	EndGlobalSection
EndGlobal
